
Microsoft Visual Studio Solution File, Format Version 12.00
# Visual Studio Version 16
VisualStudioVersion = 16.0.28803.156
MinimumVisualStudioVersion = 10.0.40219.1
Project("{FAE04EC0-301F-11D3-BF4B-00C04F79EFBC}") = "Planner", "Planner\Planner.csproj", "{CA8C5E79-721E-4223-B257-19B457A7C3D1}"
EndProject
Global
	GlobalSection(SolutionConfigurationPlatforms) = preSolution
		Debug|Any CPU = Debug|Any CPU
		Release|Any CPU = Release|Any CPU
	EndGlobalSection
	GlobalSection(ProjectConfigurationPlatforms) = postSolution
		{CA8C5E79-721E-4223-B257-19B457A7C3D1}.Debug|Any CPU.ActiveCfg = Debug|Any CPU
		{CA8C5E79-721E-4223-B257-19B457A7C3D1}.Debug|Any CPU.Build.0 = Debug|Any CPU
		{CA8C5E79-721E-4223-B257-19B457A7C3D1}.Release|Any CPU.ActiveCfg = Release|Any CPU
		{CA8C5E79-721E-4223-B257-19B457A7C3D1}.Release|Any CPU.Build.0 = Release|Any CPU
	EndGlobalSection
	GlobalSection(SolutionProperties) = preSolution
		HideSolutionNode = FALSE
	EndGlobalSection
	GlobalSection(ExtensibilityGlobals) = postSolution
		SolutionGuid = {84D43C56-D480-4507-8B5B-B9F2C6D483FC}
	EndGlobalSection
EndGlobal
